// !$*UTF8*$!
{
	archiveVersion = 1;
	classes = {
	};
	objectVersion = 46;
	objects = {

/* Begin PBXBuildFile section */
		B87C49871BBF36D1007017ED /* AppDelegate.swift in Sources */ = {isa = PBXBuildFile; fileRef = B87C49861BBF36D1007017ED /* AppDelegate.swift */; };
		B87C49891BBF36D1007017ED /* ViewController.swift in Sources */ = {isa = PBXBuildFile; fileRef = B87C49881BBF36D1007017ED /* ViewController.swift */; };
		B87C498C1BBF36D1007017ED /* Main.storyboard in Resources */ = {isa = PBXBuildFile; fileRef = B87C498A1BBF36D1007017ED /* Main.storyboard */; };
		B87C498E1BBF36D1007017ED /* Assets.xcassets in Resources */ = {isa = PBXBuildFile; fileRef = B87C498D1BBF36D1007017ED /* Assets.xcassets */; };
		B87C49911BBF36D1007017ED /* LaunchScreen.storyboard in Resources */ = {isa = PBXBuildFile; fileRef = B87C498F1BBF36D1007017ED /* LaunchScreen.storyboard */; };
		B87C499C1BBF36D1007017ED /* TipsTests.swift in Sources */ = {isa = PBXBuildFile; fileRef = B87C499B1BBF36D1007017ED /* TipsTests.swift */; };
		B87C49A71BBF36D1007017ED /* TipsUITests.swift in Sources */ = {isa = PBXBuildFile; fileRef = B87C49A61BBF36D1007017ED /* TipsUITests.swift */; };
/* End PBXBuildFile section */

/* Begin PBXContainerItemProxy section */
		B87C49981BBF36D1007017ED /* PBXContainerItemProxy */ = {
			isa = PBXContainerItemProxy;
			containerPortal = B87C497B1BBF36D1007017ED /* Project object */;
			proxyType = 1;
			remoteGlobalIDString = B87C49821BBF36D1007017ED;
			remoteInfo = Tips;
		};
		B87C49A31BBF36D1007017ED /* PBXContainerItemProxy */ = {
			isa = PBXContainerItemProxy;
			containerPortal = B87C497B1BBF36D1007017ED /* Project object */;
			proxyType = 1;
			remoteGlobalIDString = B87C49821BBF36D1007017ED;
			remoteInfo = Tips;
		};
/* End PBXContainerItemProxy section */

/* Begin PBXFileReference section */
		B87C49831BBF36D1007017ED /* Tips.app */ = {isa = PBXFileReference; explicitFileType = wrapper.application; includeInIndex = 0; path = Tips.app; sourceTree = BUILT_PRODUCTS_DIR; };
		B87C49861BBF36D1007017ED /* AppDelegate.swift */ = {isa = PBXFileReference; lastKnownFileType = sourcecode.swift; path = AppDelegate.swift; sourceTree = "<group>"; };
		B87C49881BBF36D1007017ED /* ViewController.swift */ = {isa = PBXFileReference; lastKnownFileType = sourcecode.swift; path = ViewController.swift; sourceTree = "<group>"; };
		B87C498B1BBF36D1007017ED /* Base */ = {isa = PBXFileReference; lastKnownFileType = file.storyboard; name = Base; path = Base.lproj/Main.storyboard; sourceTree = "<group>"; };
		B87C498D1BBF36D1007017ED /* Assets.xcassets */ = {isa = PBXFileReference; lastKnownFileType = folder.assetcatalog; path = Assets.xcassets; sourceTree = "<group>"; };
		B87C49901BBF36D1007017ED /* Base */ = {isa = PBXFileReference; lastKnownFileType = file.storyboard; name = Base; path = Base.lproj/LaunchScreen.storyboard; sourceTree = "<group>"; };
		B87C49921BBF36D1007017ED /* Info.plist */ = {isa = PBXFileReference; lastKnownFileType = text.plist.xml; path = Info.plist; sourceTree = "<group>"; };
		B87C49971BBF36D1007017ED /* TipsTests.xctest */ = {isa = PBXFileReference; explicitFileType = wrapper.cfbundle; includeInIndex = 0; path = TipsTests.xctest; sourceTree = BUILT_PRODUCTS_DIR; };
		B87C499B1BBF36D1007017ED /* TipsTests.swift */ = {isa = PBXFileReference; lastKnownFileType = sourcecode.swift; path = TipsTests.swift; sourceTree = "<group>"; };
		B87C499D1BBF36D1007017ED /* Info.plist */ = {isa = PBXFileReference; lastKnownFileType = text.plist.xml; path = Info.plist; sourceTree = "<group>"; };
		B87C49A21BBF36D1007017ED /* TipsUITests.xctest */ = {isa = PBXFileReference; explicitFileType = wrapper.cfbundle; includeInIndex = 0; path = TipsUITests.xctest; sourceTree = BUILT_PRODUCTS_DIR; };
		B87C49A61BBF36D1007017ED /* TipsUITests.swift */ = {isa = PBXFileReference; lastKnownFileType = sourcecode.swift; path = TipsUITests.swift; sourceTree = "<group>"; };
		B87C49A81BBF36D1007017ED /* Info.plist */ = {isa = PBXFileReference; lastKnownFileType = text.plist.xml; path = Info.plist; sourceTree = "<group>"; };
/* End PBXFileReference section */

/* Begin PBXFrameworksBuildPhase section */
		B87C49801BBF36D1007017ED /* Frameworks */ = {
			isa = PBXFrameworksBuildPhase;
			buildActionMask = 2147483647;
			files = (
			);
			runOnlyForDeploymentPostprocessing = 0;
		};
		B87C49941BBF36D1007017ED /* Frameworks */ = {
			isa = PBXFrameworksBuildPhase;
			buildActionMask = 2147483647;
			files = (
			);
			runOnlyForDeploymentPostprocessing = 0;
		};
		B87C499F1BBF36D1007017ED /* Frameworks */ = {
			isa = PBXFrameworksBuildPhase;
			buildActionMask = 2147483647;
			files = (
			);
			runOnlyForDeploymentPostprocessing = 0;
		};
/* End PBXFrameworksBuildPhase section */

/* Begin PBXGroup section */
		B87C497A1BBF36D1007017ED = {
			isa = PBXGroup;
			children = (
				B87C49851BBF36D1007017ED /* Tips */,
				B87C499A1BBF36D1007017ED /* TipsTests */,
				B87C49A51BBF36D1007017ED /* TipsUITests */,
				B87C49841BBF36D1007017ED /* Products */,
			);
			sourceTree = "<group>";
		};
		B87C49841BBF36D1007017ED /* Products */ = {
			isa = PBXGroup;
			children = (
				B87C49831BBF36D1007017ED /* Tips.app */,
				B87C49971BBF36D1007017ED /* TipsTests.xctest */,
				B87C49A21BBF36D1007017ED /* TipsUITests.xctest */,
			);
			name = Products;
			sourceTree = "<group>";
		};
		B87C49851BBF36D1007017ED /* Tips */ = {
			isa = PBXGroup;
			children = (
				B87C49861BBF36D1007017ED /* AppDelegate.swift */,
				B87C49881BBF36D1007017ED /* ViewController.swift */,
				B87C498A1BBF36D1007017ED /* Main.storyboard */,
				B87C498D1BBF36D1007017ED /* Assets.xcassets */,
				B87C498F1BBF36D1007017ED /* LaunchScreen.storyboard */,
				B87C49921BBF36D1007017ED /* Info.plist */,
			);
			path = Tips;
			sourceTree = "<group>";
		};
		B87C499A1BBF36D1007017ED /* TipsTests */ = {
			isa = PBXGroup;
			children = (
				B87C499B1BBF36D1007017ED /* TipsTests.swift */,
				B87C499D1BBF36D1007017ED /* Info.plist */,
			);
			path = TipsTests;
			sourceTree = "<group>";
		};
		B87C49A51BBF36D1007017ED /* TipsUITests */ = {
			isa = PBXGroup;
			children = (
				B87C49A61BBF36D1007017ED /* TipsUITests.swift */,
				B87C49A81BBF36D1007017ED /* Info.plist */,
			);
			path = TipsUITests;
			sourceTree = "<group>";
		};
/* End PBXGroup section */

/* Begin PBXNativeTarget section */
		B87C49821BBF36D1007017ED /* Tips */ = {
			isa = PBXNativeTarget;
			buildConfigurationList = B87C49AB1BBF36D1007017ED /* Build configuration list for PBXNativeTarget "Tips" */;
			buildPhases = (
				B87C497F1BBF36D1007017ED /* Sources */,
				B87C49801BBF36D1007017ED /* Frameworks */,
				B87C49811BBF36D1007017ED /* Resources */,
			);
			buildRules = (
			);
			dependencies = (
			);
			name = Tips;
			productName = Tips;
			productReference = B87C49831BBF36D1007017ED /* Tips.app */;
			productType = "com.apple.product-type.application";
		};
		B87C49961BBF36D1007017ED /* TipsTests */ = {
			isa = PBXNativeTarget;
			buildConfigurationList = B87C49AE1BBF36D1007017ED /* Build configuration list for PBXNativeTarget "TipsTests" */;
			buildPhases = (
				B87C49931BBF36D1007017ED /* Sources */,
				B87C49941BBF36D1007017ED /* Frameworks */,
				B87C49951BBF36D1007017ED /* Resources */,
			);
			buildRules = (
			);
			dependencies = (
				B87C49991BBF36D1007017ED /* PBXTargetDependency */,
			);
			name = TipsTests;
			productName = TipsTests;
			productReference = B87C49971BBF36D1007017ED /* TipsTests.xctest */;
			productType = "com.apple.product-type.bundle.unit-test";
		};
		B87C49A11BBF36D1007017ED /* TipsUITests */ = {
			isa = PBXNativeTarget;
			buildConfigurationList = B87C49B11BBF36D1007017ED /* Build configuration list for PBXNativeTarget "TipsUITests" */;
			buildPhases = (
				B87C499E1BBF36D1007017ED /* Sources */,
				B87C499F1BBF36D1007017ED /* Frameworks */,
				B87C49A01BBF36D1007017ED /* Resources */,
			);
			buildRules = (
			);
			dependencies = (
				B87C49A41BBF36D1007017ED /* PBXTargetDependency */,
			);
			name = TipsUITests;
			productName = TipsUITests;
			productReference = B87C49A21BBF36D1007017ED /* TipsUITests.xctest */;
			productType = "com.apple.product-type.bundle.ui-testing";
		};
/* End PBXNativeTarget section */

/* Begin PBXProject section */
		B87C497B1BBF36D1007017ED /* Project object */ = {
			isa = PBXProject;
			attributes = {
				LastUpgradeCheck = 0700;
				ORGANIZATIONNAME = walmartlabs;
				TargetAttributes = {
					B87C49821BBF36D1007017ED = {
						CreatedOnToolsVersion = 7.0.1;
						DevelopmentTeam = EP6NDL9X34;
					};
					B87C49961BBF36D1007017ED = {
						CreatedOnToolsVersion = 7.0.1;
						TestTargetID = B87C49821BBF36D1007017ED;
					};
					B87C49A11BBF36D1007017ED = {
						CreatedOnToolsVersion = 7.0.1;
						TestTargetID = B87C49821BBF36D1007017ED;
					};
				};
			};
			buildConfigurationList = B87C497E1BBF36D1007017ED /* Build configuration list for PBXProject "Tips" */;
			compatibilityVersion = "Xcode 3.2";
			developmentRegion = English;
			hasScannedForEncodings = 0;
			knownRegions = (
				en,
				Base,
			);
			mainGroup = B87C497A1BBF36D1007017ED;
			productRefGroup = B87C49841BBF36D1007017ED /* Products */;
			projectDirPath = "";
			projectRoot = "";
			targets = (
				B87C49821BBF36D1007017ED /* Tips */,
				B87C49961BBF36D1007017ED /* TipsTests */,
				B87C49A11BBF36D1007017ED /* TipsUITests */,
			);
		};
/* End PBXProject section */

/* Begin PBXResourcesBuildPhase section */
		B87C49811BBF36D1007017ED /* Resources */ = {
			isa = PBXResourcesBuildPhase;
			buildActionMask = 2147483647;
			files = (
				B87C49911BBF36D1007017ED /* LaunchScreen.storyboard in Resources */,
				B87C498E1BBF36D1007017ED /* Assets.xcassets in Resources */,
				B87C498C1BBF36D1007017ED /* Main.storyboard in Resources */,
			);
			runOnlyForDeploymentPostprocessing = 0;
		};
		B87C49951BBF36D1007017ED /* Resources */ = {
			isa = PBXResourcesBuildPhase;
			buildActionMask = 2147483647;
			files = (
			);
			runOnlyForDeploymentPostprocessing = 0;
		};
		B87C49A01BBF36D1007017ED /* Resources */ = {
			isa = PBXResourcesBuildPhase;
			buildActionMask = 2147483647;
			files = (
			);
			runOnlyForDeploymentPostprocessing = 0;
		};
/* End PBXResourcesBuildPhase section */

/* Begin PBXSourcesBuildPhase section */
		B87C497F1BBF36D1007017ED /* Sources */ = {
			isa = PBXSourcesBuildPhase;
			buildActionMask = 2147483647;
			files = (
				B87C49891BBF36D1007017ED /* ViewController.swift in Sources */,
				B87C49871BBF36D1007017ED /* AppDelegate.swift in Sources */,
			);
			runOnlyForDeploymentPostprocessing = 0;
		};
		B87C49931BBF36D1007017ED /* Sources */ = {
			isa = PBXSourcesBuildPhase;
			buildActionMask = 2147483647;
			files = (
				B87C499C1BBF36D1007017ED /* TipsTests.swift in Sources */,
			);
			runOnlyForDeploymentPostprocessing = 0;
		};
		B87C499E1BBF36D1007017ED /* Sources */ = {
			isa = PBXSourcesBuildPhase;
			buildActionMask = 2147483647;
			files = (
				B87C49A71BBF36D1007017ED /* TipsUITests.swift in Sources */,
			);
			runOnlyForDeploymentPostprocessing = 0;
		};
/* End PBXSourcesBuildPhase section */

/* Begin PBXTargetDependency section */
		B87C49991BBF36D1007017ED /* PBXTargetDependency */ = {
			isa = PBXTargetDependency;
			target = B87C49821BBF36D1007017ED /* Tips */;
			targetProxy = B87C49981BBF36D1007017ED /* PBXContainerItemProxy */;
		};
		B87C49A41BBF36D1007017ED /* PBXTargetDependency */ = {
			isa = PBXTargetDependency;
			target = B87C49821BBF36D1007017ED /* Tips */;
			targetProxy = B87C49A31BBF36D1007017ED /* PBXContainerItemProxy */;
		};
/* End PBXTargetDependency section */

/* Begin PBXVariantGroup section */
		B87C498A1BBF36D1007017ED /* Main.storyboard */ = {
			isa = PBXVariantGroup;
			children = (
				B87C498B1BBF36D1007017ED /* Base */,
			);
			name = Main.storyboard;
			sourceTree = "<group>";
		};
		B87C498F1BBF36D1007017ED /* LaunchScreen.storyboard */ = {
			isa = PBXVariantGroup;
			children = (
				B87C49901BBF36D1007017ED /* Base */,
			);
			name = LaunchScreen.storyboard;
			sourceTree = "<group>";
		};
/* End PBXVariantGroup section */

/* Begin XCBuildConfiguration section */
		B87C49A91BBF36D1007017ED /* Debug */ = {
			isa = XCBuildConfiguration;
			buildSettings = {
				ALWAYS_SEARCH_USER_PATHS = NO;
				CLANG_CXX_LANGUAGE_STANDARD = "gnu++0x";
				CLANG_CXX_LIBRARY = "libc++";
				CLANG_ENABLE_MODULES = YES;
				CLANG_ENABLE_OBJC_ARC = YES;
				CLANG_WARN_BOOL_CONVERSION = YES;
				CLANG_WARN_CONSTANT_CONVERSION = YES;
				CLANG_WARN_DIRECT_OBJC_ISA_USAGE = YES_ERROR;
				CLANG_WARN_EMPTY_BODY = YES;
				CLANG_WARN_ENUM_CONVERSION = YES;
				CLANG_WARN_INT_CONVERSION = YES;
				CLANG_WARN_OBJC_ROOT_CLASS = YES_ERROR;
				CLANG_WARN_UNREACHABLE_CODE = YES;
				CLANG_WARN__DUPLICATE_METHOD_MATCH = YES;
				"CODE_SIGN_IDENTITY[sdk=iphoneos*]" = "iPhone Developer";
				COPY_PHASE_STRIP = NO;
				DEBUG_INFORMATION_FORMAT = dwarf;
				ENABLE_STRICT_OBJC_MSGSEND = YES;
				ENABLE_TESTABILITY = YES;
				GCC_C_LANGUAGE_STANDARD = gnu99;
				GCC_DYNAMIC_NO_PIC = NO;
				GCC_NO_COMMON_BLOCKS = YES;
				GCC_OPTIMIZATION_LEVEL = 0;
				GCC_PREPROCESSOR_DEFINITIONS = (
					"DEBUG=1",
					"$(inherited)",
				);
				GCC_WARN_64_TO_32_BIT_CONVERSION = YES;
				GCC_WARN_ABOUT_RETURN_TYPE = YES_ERROR;
				GCC_WARN_UNDECLARED_SELECTOR = YES;
				GCC_WARN_UNINITIALIZED_AUTOS = YES_AGGRESSIVE;
				GCC_WARN_UNUSED_FUNCTION = YES;
				GCC_WARN_UNUSED_VARIABLE = YES;
				IPHONEOS_DEPLOYMENT_TARGET = 9.0;
				MTL_ENABLE_DEBUG_INFO = YES;
				ONLY_ACTIVE_ARCH = YES;
				SDKROOT = iphoneos;
				SWIFT_OPTIMIZATION_LEVEL = "-Onone";
			};
			name = Debug;
		};
		B87C49AA1BBF36D1007017ED /* Release */ = {
			isa = XCBuildConfiguration;
			buildSettings = {
				ALWAYS_SEARCH_USER_PATHS = NO;
				CLANG_CXX_LANGUAGE_STANDARD = "gnu++0x";
				CLANG_CXX_LIBRARY = "libc++";
				CLANG_ENABLE_MODULES = YES;
				CLANG_ENABLE_OBJC_ARC = YES;
				CLANG_WARN_BOOL_CONVERSION = YES;
				CLANG_WARN_CONSTANT_CONVERSION = YES;
				CLANG_WARN_DIRECT_OBJC_ISA_USAGE = YES_ERROR;
				CLANG_WARN_EMPTY_BODY = YES;
				CLANG_WARN_ENUM_CONVERSION = YES;
				CLANG_WARN_INT_CONVERSION = YES;
				CLANG_WARN_OBJC_ROOT_CLASS = YES_ERROR;
				CLANG_WARN_UNREACHABLE_CODE = YES;
				CLANG_WARN__DUPLICATE_METHOD_MATCH = YES;
				"CODE_SIGN_IDENTITY[sdk=iphoneos*]" = "iPhone Developer";
				COPY_PHASE_STRIP = NO;
				DEBUG_INFORMATION_FORMAT = "dwarf-with-dsym";
				ENABLE_NS_ASSERTIONS = NO;
				ENABLE_STRICT_OBJC_MSGSEND = YES;
				GCC_C_LANGUAGE_STANDARD = gnu99;
				GCC_NO_COMMON_BLOCKS = YES;
				GCC_WARN_64_TO_32_BIT_CONVERSION = YES;
				GCC_WARN_ABOUT_RETURN_TYPE = YES_ERROR;
				GCC_WARN_UNDECLARED_SELECTOR = YES;
				GCC_WARN_UNINITIALIZED_AUTOS = YES_AGGRESSIVE;
				GCC_WARN_UNUSED_FUNCTION = YES;
				GCC_WARN_UNUSED_VARIABLE = YES;
				IPHONEOS_DEPLOYMENT_TARGET = 9.0;
				MTL_ENABLE_DEBUG_INFO = NO;
				SDKROOT = iphoneos;
				VALIDATE_PRODUCT = YES;
			};
			name = Release;
		};
		B87C49AC1BBF36D1007017ED /* Debug */ = {
			isa = XCBuildConfiguration;
			buildSettings = {
				ASSETCATALOG_COMPILER_APPICON_NAME = AppIcon;
				CODE_SIGN_IDENTITY = "iPhone Developer";
				"CODE_SIGN_IDENTITY[sdk=iphoneos*]" = "iPhone Developer";
				INFOPLIST_FILE = Tips/Info.plist;
				IPHONEOS_DEPLOYMENT_TARGET = 8.3;
				LD_RUNPATH_SEARCH_PATHS = "$(inherited) @executable_path/Frameworks";
				PRODUCT_BUNDLE_IDENTIFIER = walmartlabs.Tips;
				PRODUCT_NAME = "$(TARGET_NAME)";
				PROVISIONING_PROFILE = "";
			};
			name = Debug;
		};
		B87C49AD1BBF36D1007017ED /* Release */ = {
			isa = XCBuildConfiguration;
			buildSettings = {
				ASSETCATALOG_COMPILER_APPICON_NAME = AppIcon;
				CODE_SIGN_IDENTITY = "iPhone Developer";
				"CODE_SIGN_IDENTITY[sdk=iphoneos*]" = "iPhone Developer";
				INFOPLIST_FILE = Tips/Info.plist;
				IPHONEOS_DEPLOYMENT_TARGET = 8.3;
				LD_RUNPATH_SEARCH_PATHS = "$(inherited) @executable_path/Frameworks";
				PRODUCT_BUNDLE_IDENTIFIER = walmartlabs.Tips;
				PRODUCT_NAME = "$(TARGET_NAME)";
				PROVISIONING_PROFILE = "";
			};
			name = Release;
		};
		B87C49AF1BBF36D1007017ED /* Debug */ = {
			isa = XCBuildConfiguration;
			buildSettings = {
				BUNDLE_LOADER = "$(TEST_HOST)";
				INFOPLIST_FILE = TipsTests/Info.plist;
				LD_RUNPATH_SEARCH_PATHS = "$(inherited) @executable_path/Frameworks @loader_path/Frameworks";
				PRODUCT_BUNDLE_IDENTIFIER = walmartlabs.TipsTests;
				PRODUCT_NAME = "$(TARGET_NAME)";
				TEST_HOST = "$(BUILT_PRODUCTS_DIR)/Tips.app/Tips";
			};
			name = Debug;
		};
		B87C49B01BBF36D1007017ED /* Release */ = {
			isa = XCBuildConfiguration;
			buildSettings = {
				BUNDLE_LOADER = "$(TEST_HOST)";
				INFOPLIST_FILE = TipsTests/Info.plist;
				LD_RUNPATH_SEARCH_PATHS = "$(inherited) @executable_path/Frameworks @loader_path/Frameworks";
				PRODUCT_BUNDLE_IDENTIFIER = walmartlabs.TipsTests;
				PRODUCT_NAME = "$(TARGET_NAME)";
				TEST_HOST = "$(BUILT_PRODUCTS_DIR)/Tips.app/Tips";
			};
			name = Release;
		};
		B87C49B21BBF36D1007017ED /* Debug */ = {
			isa = XCBuildConfiguration;
			buildSettings = {
				INFOPLIST_FILE = TipsUITests/Info.plist;
				LD_RUNPATH_SEARCH_PATHS = "$(inherited) @executable_path/Frameworks @loader_path/Frameworks";
				PRODUCT_BUNDLE_IDENTIFIER = walmartlabs.TipsUITests;
				PRODUCT_NAME = "$(TARGET_NAME)";
				TEST_TARGET_NAME = Tips;
				USES_XCTRUNNER = YES;
			};
			name = Debug;
		};
		B87C49B31BBF36D1007017ED /* Release */ = {
			isa = XCBuildConfiguration;
			buildSettings = {
				INFOPLIST_FILE = TipsUITests/Info.plist;
				LD_RUNPATH_SEARCH_PATHS = "$(inherited) @executable_path/Frameworks @loader_path/Frameworks";
				PRODUCT_BUNDLE_IDENTIFIER = walmartlabs.TipsUITests;
				PRODUCT_NAME = "$(TARGET_NAME)";
				TEST_TARGET_NAME = Tips;
				USES_XCTRUNNER = YES;
			};
			name = Release;
		};
/* End XCBuildConfiguration section */

/* Begin XCConfigurationList section */
		B87C497E1BBF36D1007017ED /* Build configuration list for PBXProject "Tips" */ = {
			isa = XCConfigurationList;
			buildConfigurations = (
				B87C49A91BBF36D1007017ED /* Debug */,
				B87C49AA1BBF36D1007017ED /* Release */,
			);
			defaultConfigurationIsVisible = 0;
			defaultConfigurationName = Release;
		};
		B87C49AB1BBF36D1007017ED /* Build configuration list for PBXNativeTarget "Tips" */ = {
			isa = XCConfigurationList;
			buildConfigurations = (
				B87C49AC1BBF36D1007017ED /* Debug */,
				B87C49AD1BBF36D1007017ED /* Release */,
			);
			defaultConfigurationIsVisible = 0;
		};
		B87C49AE1BBF36D1007017ED /* Build configuration list for PBXNativeTarget "TipsTests" */ = {
			isa = XCConfigurationList;
			buildConfigurations = (
				B87C49AF1BBF36D1007017ED /* Debug */,
				B87C49B01BBF36D1007017ED /* Release */,
			);
			defaultConfigurationIsVisible = 0;
		};
		B87C49B11BBF36D1007017ED /* Build configuration list for PBXNativeTarget "TipsUITests" */ = {
			isa = XCConfigurationList;
			buildConfigurations = (
				B87C49B21BBF36D1007017ED /* Debug */,
				B87C49B31BBF36D1007017ED /* Release */,
			);
			defaultConfigurationIsVisible = 0;
		};
/* End XCConfigurationList section */
	};
	rootObject = B87C497B1BBF36D1007017ED /* Project object */;
}
